{
    "name": "bskyelementlib",
    "version": "1.0.0",
    "lockfileVersion": 2,
    "requires": true,
    "packages": {
        "": {
            "name": "bskyelementlib",
            "version": "1.0.0",
            "license": "AGLPL",
            "dependencies": {
                "squirrelly": "7.9.2"
            },
            "devDependencies": {}
        },
        "node_modules/squirrelly": {
            "version": "7.9.2",
            "resolved": "https://registry.npmjs.org/squirrelly/-/squirrelly-7.9.2.tgz",
            "integrity": "sha512-QsLQ43p7/p5LfhqMsUM1PP0DU/YuirA/pZ1RQKU8/qZjWHD8uTblpfPoCVkD9VLrS1jCJ+2gqECv3amlPgrLCA==",
            "bin": {
                "squirrelly": "cli.js"
            }
        }
    },
    "dependencies": {
        "squirrelly": {
            "version": "7.9.2",
            "resolved": "https://registry.npmjs.org/squirrelly/-/squirrelly-7.9.2.tgz",
            "integrity": "sha512-QsLQ43p7/p5LfhqMsUM1PP0DU/YuirA/pZ1RQKU8/qZjWHD8uTblpfPoCVkD9VLrS1jCJ+2gqECv3amlPgrLCA=="
        }
    }
}
